
Microsoft Visual Studio Solution File, Format Version 12.00
# Visual Studio Version 17
VisualStudioVersion = 17.14.37614.0 d17.14
MinimumVisualStudioVersion = 10.0.40219.1
Project("{FAE04EC0-301F-11D3-BF4B-00C04F79EFBC}") = "Keyboard clicker", "Keyboard clicker\Keyboard clicker.csproj", "{CD34E12C-999A-4C53-A740-B2E19FA1CB1D}"
EndProject
Global
	GlobalSection(SolutionConfigurationPlatforms) = preSolution
		Debug|ARM64 = Debug|ARM64
		Debug|x64 = Debug|x64
		Debug|x86 = Debug|x86
		Release|ARM64 = Release|ARM64
		Release|x64 = Release|x64
		Release|x86 = Release|x86
	EndGlobalSection
	GlobalSection(ProjectConfigurationPlatforms) = postSolution
		{CD34E12C-999A-4C53-A740-B2E19FA1CB1D}.Debug|ARM64.ActiveCfg = Debug|ARM64
		{CD34E12C-999A-4C53-A740-B2E19FA1CB1D}.Debug|ARM64.Build.0 = Debug|ARM64
		{CD34E12C-999A-4C53-A740-B2E19FA1CB1D}.Debug|ARM64.Deploy.0 = Debug|ARM64
		{CD34E12C-999A-4C53-A740-B2E19FA1CB1D}.Debug|x64.ActiveCfg = Debug|x64
		{CD34E12C-999A-4C53-A740-B2E19FA1CB1D}.Debug|x64.Build.0 = Debug|x64
		{CD34E12C-999A-4C53-A740-B2E19FA1CB1D}.Debug|x64.Deploy.0 = Debug|x64
		{CD34E12C-999A-4C53-A740-B2E19FA1CB1D}.Debug|x86.ActiveCfg = Debug|x86
		{CD34E12C-999A-4C53-A740-B2E19FA1CB1D}.Debug|x86.Build.0 = Debug|x86
		{CD34E12C-999A-4C53-A740-B2E19FA1CB1D}.Debug|x86.Deploy.0 = Debug|x86
		{CD34E12C-999A-4C53-A740-B2E19FA1CB1D}.Release|ARM64.ActiveCfg = Release|ARM64
		{CD34E12C-999A-4C53-A740-B2E19FA1CB1D}.Release|ARM64.Build.0 = Release|ARM64
		{CD34E12C-999A-4C53-A740-B2E19FA1CB1D}.Release|ARM64.Deploy.0 = Release|ARM64
		{CD34E12C-999A-4C53-A740-B2E19FA1CB1D}.Release|x64.ActiveCfg = Release|x64
		{CD34E12C-999A-4C53-A740-B2E19FA1CB1D}.Release|x64.Build.0 = Release|x64
		{CD34E12C-999A-4C53-A740-B2E19FA1CB1D}.Release|x64.Deploy.0 = Release|x64
		{CD34E12C-999A-4C53-A740-B2E19FA1CB1D}.Release|x86.ActiveCfg = Release|x86
		{CD34E12C-999A-4C53-A740-B2E19FA1CB1D}.Release|x86.Build.0 = Release|x86
		{CD34E12C-999A-4C53-A740-B2E19FA1CB1D}.Release|x86.Deploy.0 = Release|x86
	EndGlobalSection
	GlobalSection(SolutionProperties) = preSolution
		HideSolutionNode = FALSE
	EndGlobalSection
	GlobalSection(ExtensibilityGlobals) = postSolution
		SolutionGuid = {06F95E64-A44F-416D-8FEC-79C34E774156}
	EndGlobalSection
EndGlobal
